
Microsoft Visual Studio Solution File, Format Version 12.00
# Visual Studio Version 17
VisualStudioVersion = 17.4.33205.214
MinimumVisualStudioVersion = 10.0.40219.1
Project("{8BC9CEB8-8B4A-11D0-8D11-00A0C91BC942}") = "Letra C", "Letra C\Letra C.vcxproj", "{14BBF285-639F-4686-B5DE-02A3635CFBFC}"
EndProject
Global
	GlobalSection(SolutionConfigurationPlatforms) = preSolution
		Debug|x64 = Debug|x64
		Debug|x86 = Debug|x86
		Release|x64 = Release|x64
		Release|x86 = Release|x86
	EndGlobalSection
	GlobalSection(ProjectConfigurationPlatforms) = postSolution
		{14BBF285-639F-4686-B5DE-02A3635CFBFC}.Debug|x64.ActiveCfg = Debug|x64
		{14BBF285-639F-4686-B5DE-02A3635CFBFC}.Debug|x64.Build.0 = Debug|x64
		{14BBF285-639F-4686-B5DE-02A3635CFBFC}.Debug|x86.ActiveCfg = Debug|Win32
		{14BBF285-639F-4686-B5DE-02A3635CFBFC}.Debug|x86.Build.0 = Debug|Win32
		{14BBF285-639F-4686-B5DE-02A3635CFBFC}.Release|x64.ActiveCfg = Release|x64
		{14BBF285-639F-4686-B5DE-02A3635CFBFC}.Release|x64.Build.0 = Release|x64
		{14BBF285-639F-4686-B5DE-02A3635CFBFC}.Release|x86.ActiveCfg = Release|Win32
		{14BBF285-639F-4686-B5DE-02A3635CFBFC}.Release|x86.Build.0 = Release|Win32
	EndGlobalSection
	GlobalSection(SolutionProperties) = preSolution
		HideSolutionNode = FALSE
	EndGlobalSection
	GlobalSection(ExtensibilityGlobals) = postSolution
		SolutionGuid = {DD572E8C-B3EF-45A1-85BE-3120BE7F44CD}
	EndGlobalSection
EndGlobal
